
Microsoft Visual Studio Solution File, Format Version 12.00
# Visual Studio 15
VisualStudioVersion = 15.0.26228.9
MinimumVisualStudioVersion = 10.0.40219.1
Project("{FAE04EC0-301F-11D3-BF4B-00C04F79EFBC}") = "ModelGenerator.Tests", "ModelGenerator.Tests\ModelGenerator.Tests.csproj", "{C3C60F1C-F8AA-4D64-BEE1-CE02C884E441}"
EndProject
Project("{2150E333-8FDC-42A3-9474-1A3956D46DE8}") = "Solution Items", "Solution Items", "{E09D7D0F-DD09-44B3-82ED-9C704D4FFA71}"
	ProjectSection(SolutionItems) = preProject
		appveyor.yml = appveyor.yml
		License.md = License.md
		README.md = README.md
		tests.bat = tests.bat
	EndProjectSection
EndProject
Project("{FAE04EC0-301F-11D3-BF4B-00C04F79EFBC}") = "ModelGenerator", "ModelGenerator\ModelGenerator.csproj", "{36B94B7B-D2D5-42A4-A581-753A81B4156B}"
EndProject
Global
	GlobalSection(SolutionConfigurationPlatforms) = preSolution
		Debug|Any CPU = Debug|Any CPU
		Release|Any CPU = Release|Any CPU
	EndGlobalSection
	GlobalSection(ProjectConfigurationPlatforms) = postSolution
		{C3C60F1C-F8AA-4D64-BEE1-CE02C884E441}.Debug|Any CPU.ActiveCfg = Debug|Any CPU
		{C3C60F1C-F8AA-4D64-BEE1-CE02C884E441}.Debug|Any CPU.Build.0 = Debug|Any CPU
		{C3C60F1C-F8AA-4D64-BEE1-CE02C884E441}.Release|Any CPU.ActiveCfg = Release|Any CPU
		{C3C60F1C-F8AA-4D64-BEE1-CE02C884E441}.Release|Any CPU.Build.0 = Release|Any CPU
		{36B94B7B-D2D5-42A4-A581-753A81B4156B}.Debug|Any CPU.ActiveCfg = Debug|Any CPU
		{36B94B7B-D2D5-42A4-A581-753A81B4156B}.Debug|Any CPU.Build.0 = Debug|Any CPU
		{36B94B7B-D2D5-42A4-A581-753A81B4156B}.Release|Any CPU.ActiveCfg = Release|Any CPU
		{36B94B7B-D2D5-42A4-A581-753A81B4156B}.Release|Any CPU.Build.0 = Release|Any CPU
	EndGlobalSection
	GlobalSection(SolutionProperties) = preSolution
		HideSolutionNode = FALSE
	EndGlobalSection
EndGlobal
